
Microsoft Visual Studio Solution File, Format Version 12.00
# Visual Studio Version 17
VisualStudioVersion = 17.5.33502.453
MinimumVisualStudioVersion = 10.0.40219.1
Project("{FAE04EC0-301F-11D3-BF4B-00C04F79EFBC}") = "Week3IfAndSwitch", "Week3IfAndSwitch\Week3IfAndSwitch.csproj", "{BB8F088F-0F7B-4D8D-A038-56D08E68B6E2}"
EndProject
Project("{FAE04EC0-301F-11D3-BF4B-00C04F79EFBC}") = "OddOrEven", "OddOrEven\OddOrEven.csproj", "{9420DB3F-5C42-4CD2-A399-885388F2A589}"
EndProject
Project("{FAE04EC0-301F-11D3-BF4B-00C04F79EFBC}") = "IfDayOftheWeek", "IfDayOftheWeek\IfDayOftheWeek.csproj", "{D448F9BA-137A-4B4B-AABC-6379D8FACFD0}"
EndProject
Project("{FAE04EC0-301F-11D3-BF4B-00C04F79EFBC}") = "SwitchDayOfTheWeek", "SwitchDayOfTheWeek\SwitchDayOfTheWeek.csproj", "{5B9BD7CC-841E-47BB-A998-D240E24D7381}"
EndProject
Global
	GlobalSection(SolutionConfigurationPlatforms) = preSolution
		Debug|Any CPU = Debug|Any CPU
		Release|Any CPU = Release|Any CPU
	EndGlobalSection
	GlobalSection(ProjectConfigurationPlatforms) = postSolution
		{BB8F088F-0F7B-4D8D-A038-56D08E68B6E2}.Debug|Any CPU.ActiveCfg = Debug|Any CPU
		{BB8F088F-0F7B-4D8D-A038-56D08E68B6E2}.Debug|Any CPU.Build.0 = Debug|Any CPU
		{BB8F088F-0F7B-4D8D-A038-56D08E68B6E2}.Release|Any CPU.ActiveCfg = Release|Any CPU
		{BB8F088F-0F7B-4D8D-A038-56D08E68B6E2}.Release|Any CPU.Build.0 = Release|Any CPU
		{9420DB3F-5C42-4CD2-A399-885388F2A589}.Debug|Any CPU.ActiveCfg = Debug|Any CPU
		{9420DB3F-5C42-4CD2-A399-885388F2A589}.Debug|Any CPU.Build.0 = Debug|Any CPU
		{9420DB3F-5C42-4CD2-A399-885388F2A589}.Release|Any CPU.ActiveCfg = Release|Any CPU
		{9420DB3F-5C42-4CD2-A399-885388F2A589}.Release|Any CPU.Build.0 = Release|Any CPU
		{D448F9BA-137A-4B4B-AABC-6379D8FACFD0}.Debug|Any CPU.ActiveCfg = Debug|Any CPU
		{D448F9BA-137A-4B4B-AABC-6379D8FACFD0}.Debug|Any CPU.Build.0 = Debug|Any CPU
		{D448F9BA-137A-4B4B-AABC-6379D8FACFD0}.Release|Any CPU.ActiveCfg = Release|Any CPU
		{D448F9BA-137A-4B4B-AABC-6379D8FACFD0}.Release|Any CPU.Build.0 = Release|Any CPU
		{5B9BD7CC-841E-47BB-A998-D240E24D7381}.Debug|Any CPU.ActiveCfg = Debug|Any CPU
		{5B9BD7CC-841E-47BB-A998-D240E24D7381}.Debug|Any CPU.Build.0 = Debug|Any CPU
		{5B9BD7CC-841E-47BB-A998-D240E24D7381}.Release|Any CPU.ActiveCfg = Release|Any CPU
		{5B9BD7CC-841E-47BB-A998-D240E24D7381}.Release|Any CPU.Build.0 = Release|Any CPU
	EndGlobalSection
	GlobalSection(SolutionProperties) = preSolution
		HideSolutionNode = FALSE
	EndGlobalSection
	GlobalSection(ExtensibilityGlobals) = postSolution
		SolutionGuid = {70424D52-D56C-4E23-86BF-C891363C9A44}
	EndGlobalSection
EndGlobal
